
Microsoft Visual Studio Solution File, Format Version 12.00
# Visual Studio Version 17
VisualStudioVersion = 17.3.32901.215
MinimumVisualStudioVersion = 10.0.40219.1
Project("{FAE04EC0-301F-11D3-BF4B-00C04F79EFBC}") = "WebApplicationService", "WebApplicationService.csproj", "{D5E9B095-865F-4CB1-8F06-4EF2BE87F0A6}"
EndProject
Project("{E53339B2-1760-4266-BCC7-CA923CBCF16C}") = "docker-compose", "docker-compose.dcproj", "{77BF870A-9128-4380-A6B4-4B1141885DB2}"
EndProject
Global
	GlobalSection(SolutionConfigurationPlatforms) = preSolution
		Debug|Any CPU = Debug|Any CPU
		Release|Any CPU = Release|Any CPU
	EndGlobalSection
	GlobalSection(ProjectConfigurationPlatforms) = postSolution
		{D5E9B095-865F-4CB1-8F06-4EF2BE87F0A6}.Debug|Any CPU.ActiveCfg = Debug|Any CPU
		{D5E9B095-865F-4CB1-8F06-4EF2BE87F0A6}.Debug|Any CPU.Build.0 = Debug|Any CPU
		{D5E9B095-865F-4CB1-8F06-4EF2BE87F0A6}.Release|Any CPU.ActiveCfg = Release|Any CPU
		{D5E9B095-865F-4CB1-8F06-4EF2BE87F0A6}.Release|Any CPU.Build.0 = Release|Any CPU
		{77BF870A-9128-4380-A6B4-4B1141885DB2}.Debug|Any CPU.ActiveCfg = Debug|Any CPU
		{77BF870A-9128-4380-A6B4-4B1141885DB2}.Debug|Any CPU.Build.0 = Debug|Any CPU
		{77BF870A-9128-4380-A6B4-4B1141885DB2}.Release|Any CPU.ActiveCfg = Release|Any CPU
		{77BF870A-9128-4380-A6B4-4B1141885DB2}.Release|Any CPU.Build.0 = Release|Any CPU
	EndGlobalSection
	GlobalSection(SolutionProperties) = preSolution
		HideSolutionNode = FALSE
	EndGlobalSection
	GlobalSection(ExtensibilityGlobals) = postSolution
		SolutionGuid = {854F78A0-CD00-432A-8A48-34FA7E054459}
	EndGlobalSection
EndGlobal
